
Microsoft Visual Studio Solution File, Format Version 12.00
# Visual Studio Version 16
VisualStudioVersion = 16.0.29728.190
MinimumVisualStudioVersion = 10.0.40219.1
Project("{FAE04EC0-301F-11D3-BF4B-00C04F79EFBC}") = "S3DExtrusionFix", "S3DExtrusionFix\S3DExtrusionFix.csproj", "{EBBE2233-931F-440C-9B4E-A9040C241BDA}"
EndProject
Global
	GlobalSection(SolutionConfigurationPlatforms) = preSolution
		Debug|Any CPU = Debug|Any CPU
		Release|Any CPU = Release|Any CPU
	EndGlobalSection
	GlobalSection(ProjectConfigurationPlatforms) = postSolution
		{EBBE2233-931F-440C-9B4E-A9040C241BDA}.Debug|Any CPU.ActiveCfg = Debug|Any CPU
		{EBBE2233-931F-440C-9B4E-A9040C241BDA}.Debug|Any CPU.Build.0 = Debug|Any CPU
		{EBBE2233-931F-440C-9B4E-A9040C241BDA}.Release|Any CPU.ActiveCfg = Release|Any CPU
		{EBBE2233-931F-440C-9B4E-A9040C241BDA}.Release|Any CPU.Build.0 = Release|Any CPU
	EndGlobalSection
	GlobalSection(SolutionProperties) = preSolution
		HideSolutionNode = FALSE
	EndGlobalSection
	GlobalSection(ExtensibilityGlobals) = postSolution
		SolutionGuid = {D4F417DF-045E-4D36-8E40-DA7A7C09B4ED}
	EndGlobalSection
EndGlobal
